
Microsoft Visual Studio Solution File, Format Version 12.00
# Visual Studio Version 17
VisualStudioVersion = 17.5.33414.496
MinimumVisualStudioVersion = 10.0.40219.1
Project("{FAE04EC0-301F-11D3-BF4B-00C04F79EFBC}") = "Algorithms", "Algorithms\Algorithms.csproj", "{CF758ED2-4074-4760-8F50-D215D75ADEEF}"
EndProject
Project("{FAE04EC0-301F-11D3-BF4B-00C04F79EFBC}") = "TestProject", "TestProject\TestProject.csproj", "{02C6859D-B21B-477F-ACA7-7DE810CDFF49}"
EndProject
Global
	GlobalSection(SolutionConfigurationPlatforms) = preSolution
		Debug|Any CPU = Debug|Any CPU
		Release|Any CPU = Release|Any CPU
	EndGlobalSection
	GlobalSection(ProjectConfigurationPlatforms) = postSolution
		{CF758ED2-4074-4760-8F50-D215D75ADEEF}.Debug|Any CPU.ActiveCfg = Debug|Any CPU
		{CF758ED2-4074-4760-8F50-D215D75ADEEF}.Debug|Any CPU.Build.0 = Debug|Any CPU
		{CF758ED2-4074-4760-8F50-D215D75ADEEF}.Release|Any CPU.ActiveCfg = Release|Any CPU
		{CF758ED2-4074-4760-8F50-D215D75ADEEF}.Release|Any CPU.Build.0 = Release|Any CPU
		{02C6859D-B21B-477F-ACA7-7DE810CDFF49}.Debug|Any CPU.ActiveCfg = Debug|Any CPU
		{02C6859D-B21B-477F-ACA7-7DE810CDFF49}.Debug|Any CPU.Build.0 = Debug|Any CPU
		{02C6859D-B21B-477F-ACA7-7DE810CDFF49}.Release|Any CPU.ActiveCfg = Release|Any CPU
		{02C6859D-B21B-477F-ACA7-7DE810CDFF49}.Release|Any CPU.Build.0 = Release|Any CPU
	EndGlobalSection
	GlobalSection(SolutionProperties) = preSolution
		HideSolutionNode = FALSE
	EndGlobalSection
	GlobalSection(ExtensibilityGlobals) = postSolution
		SolutionGuid = {44839BF1-BB2E-428F-8AF5-BF211B500482}
	EndGlobalSection
EndGlobal
